
Microsoft Visual Studio Solution File, Format Version 12.00
# Visual Studio 15
VisualStudioVersion = 15.0.27428.1
MinimumVisualStudioVersion = 10.0.40219.1
Project("{FAE04EC0-301F-11D3-BF4B-00C04F79EFBC}") = "FarmaEnlace.Android", "FarmaEnlace\FarmaEnlace.Android\FarmaEnlace.Android.csproj", "{4DD31878-F28A-4FFF-BE00-7CD1E27E5900}"
EndProject
Project("{FAE04EC0-301F-11D3-BF4B-00C04F79EFBC}") = "FarmaEnlace.iOS", "FarmaEnlace\FarmaEnlace.iOS\FarmaEnlace.iOS.csproj", "{FBA8137A-F176-4850-9D7F-ED2E3295B5C6}"
EndProject
Project("{9A19103F-16F7-4668-BE54-9A1E7A4F7556}") = "FarmaEnlace", "FarmaEnlace\FarmaEnlace\FarmaEnlace.csproj", "{877259CC-077C-4F10-8000-D358EEF34FBF}"
EndProject
Global
	GlobalSection(SolutionConfigurationPlatforms) = preSolution
		Ad-Hoc|Any CPU = Ad-Hoc|Any CPU
		Ad-Hoc|ARM = Ad-Hoc|ARM
		Ad-Hoc|iPhone = Ad-Hoc|iPhone
		Ad-Hoc|iPhoneSimulator = Ad-Hoc|iPhoneSimulator
		Ad-Hoc|x64 = Ad-Hoc|x64
		Ad-Hoc|x86 = Ad-Hoc|x86
		AppStore|Any CPU = AppStore|Any CPU
		AppStore|ARM = AppStore|ARM
		AppStore|iPhone = AppStore|iPhone
		AppStore|iPhoneSimulator = AppStore|iPhoneSimulator
		AppStore|x64 = AppStore|x64
		AppStore|x86 = AppStore|x86
		Debug|Any CPU = Debug|Any CPU
		Debug|ARM = Debug|ARM
		Debug|iPhone = Debug|iPhone
		Debug|iPhoneSimulator = Debug|iPhoneSimulator
		Debug|x64 = Debug|x64
		Debug|x86 = Debug|x86
		Release|Any CPU = Release|Any CPU
		Release|ARM = Release|ARM
		Release|iPhone = Release|iPhone
		Release|iPhoneSimulator = Release|iPhoneSimulator
		Release|x64 = Release|x64
		Release|x86 = Release|x86
	EndGlobalSection
	GlobalSection(ProjectConfigurationPlatforms) = postSolution
		{4DD31878-F28A-4FFF-BE00-7CD1E27E5900}.Ad-Hoc|Any CPU.ActiveCfg = Release|Any CPU
		{4DD31878-F28A-4FFF-BE00-7CD1E27E5900}.Ad-Hoc|Any CPU.Build.0 = Release|Any CPU
		{4DD31878-F28A-4FFF-BE00-7CD1E27E5900}.Ad-Hoc|Any CPU.Deploy.0 = Release|Any CPU
		{4DD31878-F28A-4FFF-BE00-7CD1E27E5900}.Ad-Hoc|ARM.ActiveCfg = Release|Any CPU
		{4DD31878-F28A-4FFF-BE00-7CD1E27E5900}.Ad-Hoc|ARM.Build.0 = Release|Any CPU
		{4DD31878-F28A-4FFF-BE00-7CD1E27E5900}.Ad-Hoc|ARM.Deploy.0 = Release|Any CPU
		{4DD31878-F28A-4FFF-BE00-7CD1E27E5900}.Ad-Hoc|iPhone.ActiveCfg = Release|Any CPU
		{4DD31878-F28A-4FFF-BE00-7CD1E27E5900}.Ad-Hoc|iPhone.Build.0 = Release|Any CPU
		{4DD31878-F28A-4FFF-BE00-7CD1E27E5900}.Ad-Hoc|iPhone.Deploy.0 = Release|Any CPU
		{4DD31878-F28A-4FFF-BE00-7CD1E27E5900}.Ad-Hoc|iPhoneSimulator.ActiveCfg = Release|Any CPU
		{4DD31878-F28A-4FFF-BE00-7CD1E27E5900}.Ad-Hoc|iPhoneSimulator.Build.0 = Release|Any CPU
		{4DD31878-F28A-4FFF-BE00-7CD1E27E5900}.Ad-Hoc|iPhoneSimulator.Deploy.0 = Release|Any CPU
		{4DD31878-F28A-4FFF-BE00-7CD1E27E5900}.Ad-Hoc|x64.ActiveCfg = Release|Any CPU
		{4DD31878-F28A-4FFF-BE00-7CD1E27E5900}.Ad-Hoc|x64.Build.0 = Release|Any CPU
		{4DD31878-F28A-4FFF-BE00-7CD1E27E5900}.Ad-Hoc|x64.Deploy.0 = Release|Any CPU
		{4DD31878-F28A-4FFF-BE00-7CD1E27E5900}.Ad-Hoc|x86.ActiveCfg = Release|Any CPU
		{4DD31878-F28A-4FFF-BE00-7CD1E27E5900}.Ad-Hoc|x86.Build.0 = Release|Any CPU
		{4DD31878-F28A-4FFF-BE00-7CD1E27E5900}.Ad-Hoc|x86.Deploy.0 = Release|Any CPU
		{4DD31878-F28A-4FFF-BE00-7CD1E27E5900}.AppStore|Any CPU.ActiveCfg = Release|Any CPU
		{4DD31878-F28A-4FFF-BE00-7CD1E27E5900}.AppStore|Any CPU.Build.0 = Release|Any CPU
		{4DD31878-F28A-4FFF-BE00-7CD1E27E5900}.AppStore|Any CPU.Deploy.0 = Release|Any CPU
		{4DD31878-F28A-4FFF-BE00-7CD1E27E5900}.AppStore|ARM.ActiveCfg = Release|Any CPU
		{4DD31878-F28A-4FFF-BE00-7CD1E27E5900}.AppStore|ARM.Build.0 = Release|Any CPU
		{4DD31878-F28A-4FFF-BE00-7CD1E27E5900}.AppStore|ARM.Deploy.0 = Release|Any CPU
		{4DD31878-F28A-4FFF-BE00-7CD1E27E5900}.AppStore|iPhone.ActiveCfg = Release|Any CPU
		{4DD31878-F28A-4FFF-BE00-7CD1E27E5900}.AppStore|iPhone.Build.0 = Release|Any CPU
		{4DD31878-F28A-4FFF-BE00-7CD1E27E5900}.AppStore|iPhone.Deploy.0 = Release|Any CPU
		{4DD31878-F28A-4FFF-BE00-7CD1E27E5900}.AppStore|iPhoneSimulator.ActiveCfg = Release|Any CPU
		{4DD31878-F28A-4FFF-BE00-7CD1E27E5900}.AppStore|iPhoneSimulator.Build.0 = Release|Any CPU
		{4DD31878-F28A-4FFF-BE00-7CD1E27E5900}.AppStore|iPhoneSimulator.Deploy.0 = Release|Any CPU
		{4DD31878-F28A-4FFF-BE00-7CD1E27E5900}.AppStore|x64.ActiveCfg = Release|Any CPU
		{4DD31878-F28A-4FFF-BE00-7CD1E27E5900}.AppStore|x64.Build.0 = Release|Any CPU
		{4DD31878-F28A-4FFF-BE00-7CD1E27E5900}.AppStore|x64.Deploy.0 = Release|Any CPU
		{4DD31878-F28A-4FFF-BE00-7CD1E27E5900}.AppStore|x86.ActiveCfg = Release|Any CPU
		{4DD31878-F28A-4FFF-BE00-7CD1E27E5900}.AppStore|x86.Build.0 = Release|Any CPU
		{4DD31878-F28A-4FFF-BE00-7CD1E27E5900}.AppStore|x86.Deploy.0 = Release|Any CPU
		{4DD31878-F28A-4FFF-BE00-7CD1E27E5900}.Debug|Any CPU.ActiveCfg = Debug|Any CPU
		{4DD31878-F28A-4FFF-BE00-7CD1E27E5900}.Debug|Any CPU.Build.0 = Debug|Any CPU
		{4DD31878-F28A-4FFF-BE00-7CD1E27E5900}.Debug|Any CPU.Deploy.0 = Debug|Any CPU
		{4DD31878-F28A-4FFF-BE00-7CD1E27E5900}.Debug|ARM.ActiveCfg = Debug|Any CPU
		{4DD31878-F28A-4FFF-BE00-7CD1E27E5900}.Debug|ARM.Build.0 = Debug|Any CPU
		{4DD31878-F28A-4FFF-BE00-7CD1E27E5900}.Debug|ARM.Deploy.0 = Debug|Any CPU
		{4DD31878-F28A-4FFF-BE00-7CD1E27E5900}.Debug|iPhone.ActiveCfg = Debug|Any CPU
		{4DD31878-F28A-4FFF-BE00-7CD1E27E5900}.Debug|iPhone.Build.0 = Debug|Any CPU
		{4DD31878-F28A-4FFF-BE00-7CD1E27E5900}.Debug|iPhone.Deploy.0 = Debug|Any CPU
		{4DD31878-F28A-4FFF-BE00-7CD1E27E5900}.Debug|iPhoneSimulator.ActiveCfg = Debug|Any CPU
		{4DD31878-F28A-4FFF-BE00-7CD1E27E5900}.Debug|iPhoneSimulator.Build.0 = Debug|Any CPU
		{4DD31878-F28A-4FFF-BE00-7CD1E27E5900}.Debug|iPhoneSimulator.Deploy.0 = Debug|Any CPU
		{4DD31878-F28A-4FFF-BE00-7CD1E27E5900}.Debug|x64.ActiveCfg = Debug|Any CPU
		{4DD31878-F28A-4FFF-BE00-7CD1E27E5900}.Debug|x64.Build.0 = Debug|Any CPU
		{4DD31878-F28A-4FFF-BE00-7CD1E27E5900}.Debug|x64.Deploy.0 = Debug|Any CPU
		{4DD31878-F28A-4FFF-BE00-7CD1E27E5900}.Debug|x86.ActiveCfg = Debug|Any CPU
		{4DD31878-F28A-4FFF-BE00-7CD1E27E5900}.Debug|x86.Build.0 = Debug|Any CPU
		{4DD31878-F28A-4FFF-BE00-7CD1E27E5900}.Debug|x86.Deploy.0 = Debug|Any CPU
		{4DD31878-F28A-4FFF-BE00-7CD1E27E5900}.Release|Any CPU.ActiveCfg = Release|Any CPU
		{4DD31878-F28A-4FFF-BE00-7CD1E27E5900}.Release|Any CPU.Build.0 = Release|Any CPU
		{4DD31878-F28A-4FFF-BE00-7CD1E27E5900}.Release|Any CPU.Deploy.0 = Release|Any CPU
		{4DD31878-F28A-4FFF-BE00-7CD1E27E5900}.Release|ARM.ActiveCfg = Release|Any CPU
		{4DD31878-F28A-4FFF-BE00-7CD1E27E5900}.Release|ARM.Build.0 = Release|Any CPU
		{4DD31878-F28A-4FFF-BE00-7CD1E27E5900}.Release|ARM.Deploy.0 = Release|Any CPU
		{4DD31878-F28A-4FFF-BE00-7CD1E27E5900}.Release|iPhone.ActiveCfg = Release|Any CPU
		{4DD31878-F28A-4FFF-BE00-7CD1E27E5900}.Release|iPhone.Build.0 = Release|Any CPU
		{4DD31878-F28A-4FFF-BE00-7CD1E27E5900}.Release|iPhone.Deploy.0 = Release|Any CPU
		{4DD31878-F28A-4FFF-BE00-7CD1E27E5900}.Release|iPhoneSimulator.ActiveCfg = Release|Any CPU
		{4DD31878-F28A-4FFF-BE00-7CD1E27E5900}.Release|iPhoneSimulator.Build.0 = Release|Any CPU
		{4DD31878-F28A-4FFF-BE00-7CD1E27E5900}.Release|iPhoneSimulator.Deploy.0 = Release|Any CPU
		{4DD31878-F28A-4FFF-BE00-7CD1E27E5900}.Release|x64.ActiveCfg = Release|Any CPU
		{4DD31878-F28A-4FFF-BE00-7CD1E27E5900}.Release|x64.Build.0 = Release|Any CPU
		{4DD31878-F28A-4FFF-BE00-7CD1E27E5900}.Release|x64.Deploy.0 = Release|Any CPU
		{4DD31878-F28A-4FFF-BE00-7CD1E27E5900}.Release|x86.ActiveCfg = Release|Any CPU
		{4DD31878-F28A-4FFF-BE00-7CD1E27E5900}.Release|x86.Build.0 = Release|Any CPU
		{4DD31878-F28A-4FFF-BE00-7CD1E27E5900}.Release|x86.Deploy.0 = Release|Any CPU
		{FBA8137A-F176-4850-9D7F-ED2E3295B5C6}.Ad-Hoc|Any CPU.ActiveCfg = Ad-Hoc|iPhone
		{FBA8137A-F176-4850-9D7F-ED2E3295B5C6}.Ad-Hoc|ARM.ActiveCfg = Ad-Hoc|iPhone
		{FBA8137A-F176-4850-9D7F-ED2E3295B5C6}.Ad-Hoc|iPhone.ActiveCfg = Ad-Hoc|iPhone
		{FBA8137A-F176-4850-9D7F-ED2E3295B5C6}.Ad-Hoc|iPhone.Build.0 = Ad-Hoc|iPhone
		{FBA8137A-F176-4850-9D7F-ED2E3295B5C6}.Ad-Hoc|iPhoneSimulator.ActiveCfg = Ad-Hoc|iPhoneSimulator
		{FBA8137A-F176-4850-9D7F-ED2E3295B5C6}.Ad-Hoc|iPhoneSimulator.Build.0 = Ad-Hoc|iPhoneSimulator
		{FBA8137A-F176-4850-9D7F-ED2E3295B5C6}.Ad-Hoc|x64.ActiveCfg = Ad-Hoc|iPhone
		{FBA8137A-F176-4850-9D7F-ED2E3295B5C6}.Ad-Hoc|x86.ActiveCfg = Ad-Hoc|iPhone
		{FBA8137A-F176-4850-9D7F-ED2E3295B5C6}.AppStore|Any CPU.ActiveCfg = AppStore|iPhone
		{FBA8137A-F176-4850-9D7F-ED2E3295B5C6}.AppStore|ARM.ActiveCfg = AppStore|iPhone
		{FBA8137A-F176-4850-9D7F-ED2E3295B5C6}.AppStore|iPhone.ActiveCfg = AppStore|iPhone
		{FBA8137A-F176-4850-9D7F-ED2E3295B5C6}.AppStore|iPhone.Build.0 = AppStore|iPhone
		{FBA8137A-F176-4850-9D7F-ED2E3295B5C6}.AppStore|iPhoneSimulator.ActiveCfg = AppStore|iPhoneSimulator
		{FBA8137A-F176-4850-9D7F-ED2E3295B5C6}.AppStore|iPhoneSimulator.Build.0 = AppStore|iPhoneSimulator
		{FBA8137A-F176-4850-9D7F-ED2E3295B5C6}.AppStore|x64.ActiveCfg = AppStore|iPhone
		{FBA8137A-F176-4850-9D7F-ED2E3295B5C6}.AppStore|x86.ActiveCfg = AppStore|iPhone
		{FBA8137A-F176-4850-9D7F-ED2E3295B5C6}.Debug|Any CPU.ActiveCfg = Debug|iPhone
		{FBA8137A-F176-4850-9D7F-ED2E3295B5C6}.Debug|Any CPU.Build.0 = Debug|iPhone
		{FBA8137A-F176-4850-9D7F-ED2E3295B5C6}.Debug|ARM.ActiveCfg = Debug|iPhone
		{FBA8137A-F176-4850-9D7F-ED2E3295B5C6}.Debug|iPhone.ActiveCfg = Debug|iPhone
		{FBA8137A-F176-4850-9D7F-ED2E3295B5C6}.Debug|iPhone.Build.0 = Debug|iPhone
		{FBA8137A-F176-4850-9D7F-ED2E3295B5C6}.Debug|iPhoneSimulator.ActiveCfg = Debug|iPhoneSimulator
		{FBA8137A-F176-4850-9D7F-ED2E3295B5C6}.Debug|iPhoneSimulator.Build.0 = Debug|iPhoneSimulator
		{FBA8137A-F176-4850-9D7F-ED2E3295B5C6}.Debug|x64.ActiveCfg = Debug|iPhone
		{FBA8137A-F176-4850-9D7F-ED2E3295B5C6}.Debug|x86.ActiveCfg = Debug|iPhone
		{FBA8137A-F176-4850-9D7F-ED2E3295B5C6}.Release|Any CPU.ActiveCfg = Release|iPhone
		{FBA8137A-F176-4850-9D7F-ED2E3295B5C6}.Release|ARM.ActiveCfg = Release|iPhone
		{FBA8137A-F176-4850-9D7F-ED2E3295B5C6}.Release|iPhone.ActiveCfg = Release|iPhone
		{FBA8137A-F176-4850-9D7F-ED2E3295B5C6}.Release|iPhone.Build.0 = Release|iPhone
		{FBA8137A-F176-4850-9D7F-ED2E3295B5C6}.Release|iPhoneSimulator.ActiveCfg = Release|iPhoneSimulator
		{FBA8137A-F176-4850-9D7F-ED2E3295B5C6}.Release|iPhoneSimulator.Build.0 = Release|iPhoneSimulator
		{FBA8137A-F176-4850-9D7F-ED2E3295B5C6}.Release|x64.ActiveCfg = Release|iPhone
		{FBA8137A-F176-4850-9D7F-ED2E3295B5C6}.Release|x86.ActiveCfg = Release|iPhone
		{877259CC-077C-4F10-8000-D358EEF34FBF}.Ad-Hoc|Any CPU.ActiveCfg = Debug|Any CPU
		{877259CC-077C-4F10-8000-D358EEF34FBF}.Ad-Hoc|Any CPU.Build.0 = Debug|Any CPU
		{877259CC-077C-4F10-8000-D358EEF34FBF}.Ad-Hoc|ARM.ActiveCfg = Debug|Any CPU
		{877259CC-077C-4F10-8000-D358EEF34FBF}.Ad-Hoc|ARM.Build.0 = Debug|Any CPU
		{877259CC-077C-4F10-8000-D358EEF34FBF}.Ad-Hoc|iPhone.ActiveCfg = Debug|Any CPU
		{877259CC-077C-4F10-8000-D358EEF34FBF}.Ad-Hoc|iPhone.Build.0 = Debug|Any CPU
		{877259CC-077C-4F10-8000-D358EEF34FBF}.Ad-Hoc|iPhoneSimulator.ActiveCfg = Debug|Any CPU
		{877259CC-077C-4F10-8000-D358EEF34FBF}.Ad-Hoc|iPhoneSimulator.Build.0 = Debug|Any CPU
		{877259CC-077C-4F10-8000-D358EEF34FBF}.Ad-Hoc|x64.ActiveCfg = Debug|Any CPU
		{877259CC-077C-4F10-8000-D358EEF34FBF}.Ad-Hoc|x64.Build.0 = Debug|Any CPU
		{877259CC-077C-4F10-8000-D358EEF34FBF}.Ad-Hoc|x86.ActiveCfg = Debug|Any CPU
		{877259CC-077C-4F10-8000-D358EEF34FBF}.Ad-Hoc|x86.Build.0 = Debug|Any CPU
		{877259CC-077C-4F10-8000-D358EEF34FBF}.AppStore|Any CPU.ActiveCfg = Debug|Any CPU
		{877259CC-077C-4F10-8000-D358EEF34FBF}.AppStore|Any CPU.Build.0 = Debug|Any CPU
		{877259CC-077C-4F10-8000-D358EEF34FBF}.AppStore|ARM.ActiveCfg = Debug|Any CPU
		{877259CC-077C-4F10-8000-D358EEF34FBF}.AppStore|ARM.Build.0 = Debug|Any CPU
		{877259CC-077C-4F10-8000-D358EEF34FBF}.AppStore|iPhone.ActiveCfg = Debug|Any CPU
		{877259CC-077C-4F10-8000-D358EEF34FBF}.AppStore|iPhone.Build.0 = Debug|Any CPU
		{877259CC-077C-4F10-8000-D358EEF34FBF}.AppStore|iPhoneSimulator.ActiveCfg = Debug|Any CPU
		{877259CC-077C-4F10-8000-D358EEF34FBF}.AppStore|iPhoneSimulator.Build.0 = Debug|Any CPU
		{877259CC-077C-4F10-8000-D358EEF34FBF}.AppStore|x64.ActiveCfg = Debug|Any CPU
		{877259CC-077C-4F10-8000-D358EEF34FBF}.AppStore|x64.Build.0 = Debug|Any CPU
		{877259CC-077C-4F10-8000-D358EEF34FBF}.AppStore|x86.ActiveCfg = Debug|Any CPU
		{877259CC-077C-4F10-8000-D358EEF34FBF}.AppStore|x86.Build.0 = Debug|Any CPU
		{877259CC-077C-4F10-8000-D358EEF34FBF}.Debug|Any CPU.ActiveCfg = Debug|Any CPU
		{877259CC-077C-4F10-8000-D358EEF34FBF}.Debug|Any CPU.Build.0 = Debug|Any CPU
		{877259CC-077C-4F10-8000-D358EEF34FBF}.Debug|ARM.ActiveCfg = Debug|Any CPU
		{877259CC-077C-4F10-8000-D358EEF34FBF}.Debug|ARM.Build.0 = Debug|Any CPU
		{877259CC-077C-4F10-8000-D358EEF34FBF}.Debug|iPhone.ActiveCfg = Debug|Any CPU
		{877259CC-077C-4F10-8000-D358EEF34FBF}.Debug|iPhone.Build.0 = Debug|Any CPU
		{877259CC-077C-4F10-8000-D358EEF34FBF}.Debug|iPhoneSimulator.ActiveCfg = Debug|Any CPU
		{877259CC-077C-4F10-8000-D358EEF34FBF}.Debug|iPhoneSimulator.Build.0 = Debug|Any CPU
		{877259CC-077C-4F10-8000-D358EEF34FBF}.Debug|x64.ActiveCfg = Debug|Any CPU
		{877259CC-077C-4F10-8000-D358EEF34FBF}.Debug|x64.Build.0 = Debug|Any CPU
		{877259CC-077C-4F10-8000-D358EEF34FBF}.Debug|x86.ActiveCfg = Debug|Any CPU
		{877259CC-077C-4F10-8000-D358EEF34FBF}.Debug|x86.Build.0 = Debug|Any CPU
		{877259CC-077C-4F10-8000-D358EEF34FBF}.Release|Any CPU.ActiveCfg = Release|Any CPU
		{877259CC-077C-4F10-8000-D358EEF34FBF}.Release|Any CPU.Build.0 = Release|Any CPU
		{877259CC-077C-4F10-8000-D358EEF34FBF}.Release|ARM.ActiveCfg = Release|Any CPU
		{877259CC-077C-4F10-8000-D358EEF34FBF}.Release|ARM.Build.0 = Release|Any CPU
		{877259CC-077C-4F10-8000-D358EEF34FBF}.Release|iPhone.ActiveCfg = Release|Any CPU
		{877259CC-077C-4F10-8000-D358EEF34FBF}.Release|iPhone.Build.0 = Release|Any CPU
		{877259CC-077C-4F10-8000-D358EEF34FBF}.Release|iPhoneSimulator.ActiveCfg = Release|Any CPU
		{877259CC-077C-4F10-8000-D358EEF34FBF}.Release|iPhoneSimulator.Build.0 = Release|Any CPU
		{877259CC-077C-4F10-8000-D358EEF34FBF}.Release|x64.ActiveCfg = Release|Any CPU
		{877259CC-077C-4F10-8000-D358EEF34FBF}.Release|x64.Build.0 = Release|Any CPU
		{877259CC-077C-4F10-8000-D358EEF34FBF}.Release|x86.ActiveCfg = Release|Any CPU
		{877259CC-077C-4F10-8000-D358EEF34FBF}.Release|x86.Build.0 = Release|Any CPU
	EndGlobalSection
	GlobalSection(SolutionProperties) = preSolution
		HideSolutionNode = FALSE
	EndGlobalSection
	GlobalSection(ExtensibilityGlobals) = postSolution
		SolutionGuid = {D0C0C784-D013-4263-B5D5-A7F6382BE0B9}
	EndGlobalSection
EndGlobal
